
Microsoft Visual Studio Solution File, Format Version 12.00
# Visual Studio Version 16
VisualStudioVersion = 16.0.29806.167
MinimumVisualStudioVersion = 10.0.40219.1
Project("{FAE04EC0-301F-11D3-BF4B-00C04F79EFBC}") = "TodoApi", "TodoApi\TodoApi.csproj", "{D5F260BD-299D-4263-A156-4E7E73C1CE12}"
EndProject
Global
	GlobalSection(SolutionConfigurationPlatforms) = preSolution
		Debug|Any CPU = Debug|Any CPU
		Release|Any CPU = Release|Any CPU
	EndGlobalSection
	GlobalSection(ProjectConfigurationPlatforms) = postSolution
		{D5F260BD-299D-4263-A156-4E7E73C1CE12}.Debug|Any CPU.ActiveCfg = Debug|Any CPU
		{D5F260BD-299D-4263-A156-4E7E73C1CE12}.Debug|Any CPU.Build.0 = Debug|Any CPU
		{D5F260BD-299D-4263-A156-4E7E73C1CE12}.Release|Any CPU.ActiveCfg = Release|Any CPU
		{D5F260BD-299D-4263-A156-4E7E73C1CE12}.Release|Any CPU.Build.0 = Release|Any CPU
	EndGlobalSection
	GlobalSection(SolutionProperties) = preSolution
		HideSolutionNode = FALSE
	EndGlobalSection
	GlobalSection(ExtensibilityGlobals) = postSolution
		SolutionGuid = {B35568A9-12C2-4444-8CEF-7095F01143E2}
	EndGlobalSection
EndGlobal
